
Microsoft Visual Studio Solution File, Format Version 12.00
# Visual Studio Version 17
VisualStudioVersion = 17.10.35122.118
MinimumVisualStudioVersion = 10.0.40219.1
Project("{FAE04EC0-301F-11D3-BF4B-00C04F79EFBC}") = "Unit Tests", "Unit Tests\Unit Tests.csproj", "{BECC9F05-8362-4FED-B28E-D9B7A2EA4582}"
EndProject
Project("{FAE04EC0-301F-11D3-BF4B-00C04F79EFBC}") = "ClassLibrary", "ClassLibrary\ClassLibrary.csproj", "{3707641F-9E7C-4BB9-A48F-4C5D74B61556}"
EndProject
Global
	GlobalSection(SolutionConfigurationPlatforms) = preSolution
		Debug|Any CPU = Debug|Any CPU
		Release|Any CPU = Release|Any CPU
	EndGlobalSection
	GlobalSection(ProjectConfigurationPlatforms) = postSolution
		{BECC9F05-8362-4FED-B28E-D9B7A2EA4582}.Debug|Any CPU.ActiveCfg = Debug|Any CPU
		{BECC9F05-8362-4FED-B28E-D9B7A2EA4582}.Debug|Any CPU.Build.0 = Debug|Any CPU
		{BECC9F05-8362-4FED-B28E-D9B7A2EA4582}.Release|Any CPU.ActiveCfg = Release|Any CPU
		{BECC9F05-8362-4FED-B28E-D9B7A2EA4582}.Release|Any CPU.Build.0 = Release|Any CPU
		{3707641F-9E7C-4BB9-A48F-4C5D74B61556}.Debug|Any CPU.ActiveCfg = Debug|Any CPU
		{3707641F-9E7C-4BB9-A48F-4C5D74B61556}.Debug|Any CPU.Build.0 = Debug|Any CPU
		{3707641F-9E7C-4BB9-A48F-4C5D74B61556}.Release|Any CPU.ActiveCfg = Release|Any CPU
		{3707641F-9E7C-4BB9-A48F-4C5D74B61556}.Release|Any CPU.Build.0 = Release|Any CPU
	EndGlobalSection
	GlobalSection(SolutionProperties) = preSolution
		HideSolutionNode = FALSE
	EndGlobalSection
	GlobalSection(ExtensibilityGlobals) = postSolution
		SolutionGuid = {7DC36340-F256-4511-B3E7-C3B8A88D1326}
	EndGlobalSection
EndGlobal
